
Microsoft Visual Studio Solution File, Format Version 12.00
# Visual Studio Version 16
VisualStudioVersion = 16.0.30804.86
MinimumVisualStudioVersion = 10.0.40219.1
Project("{FAE04EC0-301F-11D3-BF4B-00C04F79EFBC}") = "ClinicaDesktop", "ClinicaDesktop\ClinicaDesktop.csproj", "{D5FB975A-B63F-46CA-8D50-F435B4F0D93D}"
EndProject
Global
	GlobalSection(SolutionConfigurationPlatforms) = preSolution
		Debug|Any CPU = Debug|Any CPU
		Release|Any CPU = Release|Any CPU
	EndGlobalSection
	GlobalSection(ProjectConfigurationPlatforms) = postSolution
		{D5FB975A-B63F-46CA-8D50-F435B4F0D93D}.Debug|Any CPU.ActiveCfg = Debug|Any CPU
		{D5FB975A-B63F-46CA-8D50-F435B4F0D93D}.Debug|Any CPU.Build.0 = Debug|Any CPU
		{D5FB975A-B63F-46CA-8D50-F435B4F0D93D}.Release|Any CPU.ActiveCfg = Release|Any CPU
		{D5FB975A-B63F-46CA-8D50-F435B4F0D93D}.Release|Any CPU.Build.0 = Release|Any CPU
	EndGlobalSection
	GlobalSection(SolutionProperties) = preSolution
		HideSolutionNode = FALSE
	EndGlobalSection
	GlobalSection(ExtensibilityGlobals) = postSolution
		SolutionGuid = {4274ACA6-CD46-4D13-959E-B09CDB94788B}
	EndGlobalSection
EndGlobal
